// !$*UTF8*$!
{
	archiveVersion = 1;
	classes = {
	};
	objectVersion = 46;
	objects = {

/* Begin PBXBuildFile section */
		32AA48E8197791F0008ECA9D /* Foundation.framework in Frameworks */ = {isa = PBXBuildFile; fileRef = 32AA48E7197791F0008ECA9D /* Foundation.framework */; };
		32AA48EA197791F0008ECA9D /* CoreGraphics.framework in Frameworks */ = {isa = PBXBuildFile; fileRef = 32AA48E9197791F0008ECA9D /* CoreGraphics.framework */; };
		32AA48EC197791F0008ECA9D /* UIKit.framework in Frameworks */ = {isa = PBXBuildFile; fileRef = 32AA48EB197791F0008ECA9D /* UIKit.framework */; };
		32AA48F2197791F0008ECA9D /* InfoPlist.strings in Resources */ = {isa = PBXBuildFile; fileRef = 32AA48F0197791F0008ECA9D /* InfoPlist.strings */; };
		32AA48F4197791F0008ECA9D /* main.m in Sources */ = {isa = PBXBuildFile; fileRef = 32AA48F3197791F0008ECA9D /* main.m */; };
		32AA48F8197791F0008ECA9D /* ILAppDelegate.m in Sources */ = {isa = PBXBuildFile; fileRef = 32AA48F7197791F0008ECA9D /* ILAppDelegate.m */; };
		32AA48FB197791F1008ECA9D /* Main.storyboard in Resources */ = {isa = PBXBuildFile; fileRef = 32AA48F9197791F1008ECA9D /* Main.storyboard */; };
		32AA48FE197791F1008ECA9D /* ILViewController.m in Sources */ = {isa = PBXBuildFile; fileRef = 32AA48FD197791F1008ECA9D /* ILViewController.m */; };
		32AA4900197791F1008ECA9D /* Images.xcassets in Resources */ = {isa = PBXBuildFile; fileRef = 32AA48FF197791F1008ECA9D /* Images.xcassets */; };
		32AA4907197791F1008ECA9D /* XCTest.framework in Frameworks */ = {isa = PBXBuildFile; fileRef = 32AA4906197791F1008ECA9D /* XCTest.framework */; };
		32AA4908197791F1008ECA9D /* Foundation.framework in Frameworks */ = {isa = PBXBuildFile; fileRef = 32AA48E7197791F0008ECA9D /* Foundation.framework */; };
		32AA4909197791F1008ECA9D /* UIKit.framework in Frameworks */ = {isa = PBXBuildFile; fileRef = 32AA48EB197791F0008ECA9D /* UIKit.framework */; };
		32AA4911197791F1008ECA9D /* InfoPlist.strings in Resources */ = {isa = PBXBuildFile; fileRef = 32AA490F197791F1008ECA9D /* InfoPlist.strings */; };
		32AA4913197791F1008ECA9D /* InstaLaterTests.m in Sources */ = {isa = PBXBuildFile; fileRef = 32AA4912197791F1008ECA9D /* InstaLaterTests.m */; };
/* End PBXBuildFile section */

/* Begin PBXContainerItemProxy section */
		32AA490A197791F1008ECA9D /* PBXContainerItemProxy */ = {
			isa = PBXContainerItemProxy;
			containerPortal = 32AA48DC197791F0008ECA9D /* Project object */;
			proxyType = 1;
			remoteGlobalIDString = 32AA48E3197791F0008ECA9D;
			remoteInfo = InstaLater;
		};
/* End PBXContainerItemProxy section */

/* Begin PBXFileReference section */
		32AA48E4197791F0008ECA9D /* InstaLater.app */ = {isa = PBXFileReference; explicitFileType = wrapper.application; includeInIndex = 0; path = InstaLater.app; sourceTree = BUILT_PRODUCTS_DIR; };
		32AA48E7197791F0008ECA9D /* Foundation.framework */ = {isa = PBXFileReference; lastKnownFileType = wrapper.framework; name = Foundation.framework; path = System/Library/Frameworks/Foundation.framework; sourceTree = SDKROOT; };
		32AA48E9197791F0008ECA9D /* CoreGraphics.framework */ = {isa = PBXFileReference; lastKnownFileType = wrapper.framework; name = CoreGraphics.framework; path = System/Library/Frameworks/CoreGraphics.framework; sourceTree = SDKROOT; };
		32AA48EB197791F0008ECA9D /* UIKit.framework */ = {isa = PBXFileReference; lastKnownFileType = wrapper.framework; name = UIKit.framework; path = System/Library/Frameworks/UIKit.framework; sourceTree = SDKROOT; };
		32AA48EF197791F0008ECA9D /* InstaLater-Info.plist */ = {isa = PBXFileReference; lastKnownFileType = text.plist.xml; path = "InstaLater-Info.plist"; sourceTree = "<group>"; };
		32AA48F1197791F0008ECA9D /* en */ = {isa = PBXFileReference; lastKnownFileType = text.plist.strings; name = en; path = en.lproj/InfoPlist.strings; sourceTree = "<group>"; };
		32AA48F3197791F0008ECA9D /* main.m */ = {isa = PBXFileReference; lastKnownFileType = sourcecode.c.objc; path = main.m; sourceTree = "<group>"; };
		32AA48F5197791F0008ECA9D /* InstaLater-Prefix.pch */ = {isa = PBXFileReference; lastKnownFileType = sourcecode.c.h; path = "InstaLater-Prefix.pch"; sourceTree = "<group>"; };
		32AA48F6197791F0008ECA9D /* ILAppDelegate.h */ = {isa = PBXFileReference; lastKnownFileType = sourcecode.c.h; path = ILAppDelegate.h; sourceTree = "<group>"; };
		32AA48F7197791F0008ECA9D /* ILAppDelegate.m */ = {isa = PBXFileReference; lastKnownFileType = sourcecode.c.objc; path = ILAppDelegate.m; sourceTree = "<group>"; };
		32AA48FA197791F1008ECA9D /* Base */ = {isa = PBXFileReference; lastKnownFileType = file.storyboard; name = Base; path = Base.lproj/Main.storyboard; sourceTree = "<group>"; };
		32AA48FC197791F1008ECA9D /* ILViewController.h */ = {isa = PBXFileReference; lastKnownFileType = sourcecode.c.h; path = ILViewController.h; sourceTree = "<group>"; };
		32AA48FD197791F1008ECA9D /* ILViewController.m */ = {isa = PBXFileReference; lastKnownFileType = sourcecode.c.objc; path = ILViewController.m; sourceTree = "<group>"; };
		32AA48FF197791F1008ECA9D /* Images.xcassets */ = {isa = PBXFileReference; lastKnownFileType = folder.assetcatalog; path = Images.xcassets; sourceTree = "<group>"; };
		32AA4905197791F1008ECA9D /* InstaLaterTests.xctest */ = {isa = PBXFileReference; explicitFileType = wrapper.cfbundle; includeInIndex = 0; path = InstaLaterTests.xctest; sourceTree = BUILT_PRODUCTS_DIR; };
		32AA4906197791F1008ECA9D /* XCTest.framework */ = {isa = PBXFileReference; lastKnownFileType = wrapper.framework; name = XCTest.framework; path = Library/Frameworks/XCTest.framework; sourceTree = DEVELOPER_DIR; };
		32AA490E197791F1008ECA9D /* InstaLaterTests-Info.plist */ = {isa = PBXFileReference; lastKnownFileType = text.plist.xml; path = "InstaLaterTests-Info.plist"; sourceTree = "<group>"; };
		32AA4910197791F1008ECA9D /* en */ = {isa = PBXFileReference; lastKnownFileType = text.plist.strings; name = en; path = en.lproj/InfoPlist.strings; sourceTree = "<group>"; };
		32AA4912197791F1008ECA9D /* InstaLaterTests.m */ = {isa = PBXFileReference; lastKnownFileType = sourcecode.c.objc; path = InstaLaterTests.m; sourceTree = "<group>"; };
/* End PBXFileReference section */

/* Begin PBXFrameworksBuildPhase section */
		32AA48E1197791F0008ECA9D /* Frameworks */ = {
			isa = PBXFrameworksBuildPhase;
			buildActionMask = 2147483647;
			files = (
				32AA48EA197791F0008ECA9D /* CoreGraphics.framework in Frameworks */,
				32AA48EC197791F0008ECA9D /* UIKit.framework in Frameworks */,
				32AA48E8197791F0008ECA9D /* Foundation.framework in Frameworks */,
			);
			runOnlyForDeploymentPostprocessing = 0;
		};
		32AA4902197791F1008ECA9D /* Frameworks */ = {
			isa = PBXFrameworksBuildPhase;
			buildActionMask = 2147483647;
			files = (
				32AA4907197791F1008ECA9D /* XCTest.framework in Frameworks */,
				32AA4909197791F1008ECA9D /* UIKit.framework in Frameworks */,
				32AA4908197791F1008ECA9D /* Foundation.framework in Frameworks */,
			);
			runOnlyForDeploymentPostprocessing = 0;
		};
/* End PBXFrameworksBuildPhase section */

/* Begin PBXGroup section */
		32AA48DB197791F0008ECA9D = {
			isa = PBXGroup;
			children = (
				32AA48ED197791F0008ECA9D /* InstaLater */,
				32AA490C197791F1008ECA9D /* InstaLaterTests */,
				32AA48E6197791F0008ECA9D /* Frameworks */,
				32AA48E5197791F0008ECA9D /* Products */,
			);
			sourceTree = "<group>";
		};
		32AA48E5197791F0008ECA9D /* Products */ = {
			isa = PBXGroup;
			children = (
				32AA48E4197791F0008ECA9D /* InstaLater.app */,
				32AA4905197791F1008ECA9D /* InstaLaterTests.xctest */,
			);
			name = Products;
			sourceTree = "<group>";
		};
		32AA48E6197791F0008ECA9D /* Frameworks */ = {
			isa = PBXGroup;
			children = (
				32AA48E7197791F0008ECA9D /* Foundation.framework */,
				32AA48E9197791F0008ECA9D /* CoreGraphics.framework */,
				32AA48EB197791F0008ECA9D /* UIKit.framework */,
				32AA4906197791F1008ECA9D /* XCTest.framework */,
			);
			name = Frameworks;
			sourceTree = "<group>";
		};
		32AA48ED197791F0008ECA9D /* InstaLater */ = {
			isa = PBXGroup;
			children = (
				32AA48F6197791F0008ECA9D /* ILAppDelegate.h */,
				32AA48F7197791F0008ECA9D /* ILAppDelegate.m */,
				32AA48F9197791F1008ECA9D /* Main.storyboard */,
				32AA48FC197791F1008ECA9D /* ILViewController.h */,
				32AA48FD197791F1008ECA9D /* ILViewController.m */,
				32AA48FF197791F1008ECA9D /* Images.xcassets */,
				32AA48EE197791F0008ECA9D /* Supporting Files */,
			);
			path = InstaLater;
			sourceTree = "<group>";
		};
		32AA48EE197791F0008ECA9D /* Supporting Files */ = {
			isa = PBXGroup;
			children = (
				32AA48EF197791F0008ECA9D /* InstaLater-Info.plist */,
				32AA48F0197791F0008ECA9D /* InfoPlist.strings */,
				32AA48F3197791F0008ECA9D /* main.m */,
				32AA48F5197791F0008ECA9D /* InstaLater-Prefix.pch */,
			);
			name = "Supporting Files";
			sourceTree = "<group>";
		};
		32AA490C197791F1008ECA9D /* InstaLaterTests */ = {
			isa = PBXGroup;
			children = (
				32AA4912197791F1008ECA9D /* InstaLaterTests.m */,
				32AA490D197791F1008ECA9D /* Supporting Files */,
			);
			path = InstaLaterTests;
			sourceTree = "<group>";
		};
		32AA490D197791F1008ECA9D /* Supporting Files */ = {
			isa = PBXGroup;
			children = (
				32AA490E197791F1008ECA9D /* InstaLaterTests-Info.plist */,
				32AA490F197791F1008ECA9D /* InfoPlist.strings */,
			);
			name = "Supporting Files";
			sourceTree = "<group>";
		};
/* End PBXGroup section */

/* Begin PBXNativeTarget section */
		32AA48E3197791F0008ECA9D /* InstaLater */ = {
			isa = PBXNativeTarget;
			buildConfigurationList = 32AA4916197791F1008ECA9D /* Build configuration list for PBXNativeTarget "InstaLater" */;
			buildPhases = (
				32AA48E0197791F0008ECA9D /* Sources */,
				32AA48E1197791F0008ECA9D /* Frameworks */,
				32AA48E2197791F0008ECA9D /* Resources */,
			);
			buildRules = (
			);
			dependencies = (
			);
			name = InstaLater;
			productName = InstaLater;
			productReference = 32AA48E4197791F0008ECA9D /* InstaLater.app */;
			productType = "com.apple.product-type.application";
		};
		32AA4904197791F1008ECA9D /* InstaLaterTests */ = {
			isa = PBXNativeTarget;
			buildConfigurationList = 32AA4919197791F1008ECA9D /* Build configuration list for PBXNativeTarget "InstaLaterTests" */;
			buildPhases = (
				32AA4901197791F1008ECA9D /* Sources */,
				32AA4902197791F1008ECA9D /* Frameworks */,
				32AA4903197791F1008ECA9D /* Resources */,
			);
			buildRules = (
			);
			dependencies = (
				32AA490B197791F1008ECA9D /* PBXTargetDependency */,
			);
			name = InstaLaterTests;
			productName = InstaLaterTests;
			productReference = 32AA4905197791F1008ECA9D /* InstaLaterTests.xctest */;
			productType = "com.apple.product-type.bundle.unit-test";
		};
/* End PBXNativeTarget section */

/* Begin PBXProject section */
		32AA48DC197791F0008ECA9D /* Project object */ = {
			isa = PBXProject;
			attributes = {
				CLASSPREFIX = IL;
				LastUpgradeCheck = 0510;
				ORGANIZATIONNAME = KJDev;
				TargetAttributes = {
					32AA4904197791F1008ECA9D = {
						TestTargetID = 32AA48E3197791F0008ECA9D;
					};
				};
			};
			buildConfigurationList = 32AA48DF197791F0008ECA9D /* Build configuration list for PBXProject "InstaLater" */;
			compatibilityVersion = "Xcode 3.2";
			developmentRegion = English;
			hasScannedForEncodings = 0;
			knownRegions = (
				en,
				Base,
			);
			mainGroup = 32AA48DB197791F0008ECA9D;
			productRefGroup = 32AA48E5197791F0008ECA9D /* Products */;
			projectDirPath = "";
			projectRoot = "";
			targets = (
				32AA48E3197791F0008ECA9D /* InstaLater */,
				32AA4904197791F1008ECA9D /* InstaLaterTests */,
			);
		};
/* End PBXProject section */

/* Begin PBXResourcesBuildPhase section */
		32AA48E2197791F0008ECA9D /* Resources */ = {
			isa = PBXResourcesBuildPhase;
			buildActionMask = 2147483647;
			files = (
				32AA4900197791F1008ECA9D /* Images.xcassets in Resources */,
				32AA48F2197791F0008ECA9D /* InfoPlist.strings in Resources */,
				32AA48FB197791F1008ECA9D /* Main.storyboard in Resources */,
			);
			runOnlyForDeploymentPostprocessing = 0;
		};
		32AA4903197791F1008ECA9D /* Resources */ = {
			isa = PBXResourcesBuildPhase;
			buildActionMask = 2147483647;
			files = (
				32AA4911197791F1008ECA9D /* InfoPlist.strings in Resources */,
			);
			runOnlyForDeploymentPostprocessing = 0;
		};
/* End PBXResourcesBuildPhase section */

/* Begin PBXSourcesBuildPhase section */
		32AA48E0197791F0008ECA9D /* Sources */ = {
			isa = PBXSourcesBuildPhase;
			buildActionMask = 2147483647;
			files = (
				32AA48F4197791F0008ECA9D /* main.m in Sources */,
				32AA48F8197791F0008ECA9D /* ILAppDelegate.m in Sources */,
				32AA48FE197791F1008ECA9D /* ILViewController.m in Sources */,
			);
			runOnlyForDeploymentPostprocessing = 0;
		};
		32AA4901197791F1008ECA9D /* Sources */ = {
			isa = PBXSourcesBuildPhase;
			buildActionMask = 2147483647;
			files = (
				32AA4913197791F1008ECA9D /* InstaLaterTests.m in Sources */,
			);
			runOnlyForDeploymentPostprocessing = 0;
		};
/* End PBXSourcesBuildPhase section */

/* Begin PBXTargetDependency section */
		32AA490B197791F1008ECA9D /* PBXTargetDependency */ = {
			isa = PBXTargetDependency;
			target = 32AA48E3197791F0008ECA9D /* InstaLater */;
			targetProxy = 32AA490A197791F1008ECA9D /* PBXContainerItemProxy */;
		};
/* End PBXTargetDependency section */

/* Begin PBXVariantGroup section */
		32AA48F0197791F0008ECA9D /* InfoPlist.strings */ = {
			isa = PBXVariantGroup;
			children = (
				32AA48F1197791F0008ECA9D /* en */,
			);
			name = InfoPlist.strings;
			sourceTree = "<group>";
		};
		32AA48F9197791F1008ECA9D /* Main.storyboard */ = {
			isa = PBXVariantGroup;
			children = (
				32AA48FA197791F1008ECA9D /* Base */,
			);
			name = Main.storyboard;
			sourceTree = "<group>";
		};
		32AA490F197791F1008ECA9D /* InfoPlist.strings */ = {
			isa = PBXVariantGroup;
			children = (
				32AA4910197791F1008ECA9D /* en */,
			);
			name = InfoPlist.strings;
			sourceTree = "<group>";
		};
/* End PBXVariantGroup section */

/* Begin XCBuildConfiguration section */
		32AA4914197791F1008ECA9D /* Debug */ = {
			isa = XCBuildConfiguration;
			buildSettings = {
				ALWAYS_SEARCH_USER_PATHS = NO;
				CLANG_CXX_LANGUAGE_STANDARD = "gnu++0x";
				CLANG_CXX_LIBRARY = "libc++";
				CLANG_ENABLE_MODULES = YES;
				CLANG_ENABLE_OBJC_ARC = YES;
				CLANG_WARN_BOOL_CONVERSION = YES;
				CLANG_WARN_CONSTANT_CONVERSION = YES;
				CLANG_WARN_DIRECT_OBJC_ISA_USAGE = YES_ERROR;
				CLANG_WARN_EMPTY_BODY = YES;
				CLANG_WARN_ENUM_CONVERSION = YES;
				CLANG_WARN_INT_CONVERSION = YES;
				CLANG_WARN_OBJC_ROOT_CLASS = YES_ERROR;
				CLANG_WARN__DUPLICATE_METHOD_MATCH = YES;
				"CODE_SIGN_IDENTITY[sdk=iphoneos*]" = "iPhone Developer";
				COPY_PHASE_STRIP = NO;
				GCC_C_LANGUAGE_STANDARD = gnu99;
				GCC_DYNAMIC_NO_PIC = NO;
				GCC_OPTIMIZATION_LEVEL = 0;
				GCC_PREPROCESSOR_DEFINITIONS = (
					"DEBUG=1",
					"$(inherited)",
				);
				GCC_SYMBOLS_PRIVATE_EXTERN = NO;
				GCC_WARN_64_TO_32_BIT_CONVERSION = YES;
				GCC_WARN_ABOUT_RETURN_TYPE = YES_ERROR;
				GCC_WARN_UNDECLARED_SELECTOR = YES;
				GCC_WARN_UNINITIALIZED_AUTOS = YES_AGGRESSIVE;
				GCC_WARN_UNUSED_FUNCTION = YES;
				GCC_WARN_UNUSED_VARIABLE = YES;
				IPHONEOS_DEPLOYMENT_TARGET = 7.1;
				ONLY_ACTIVE_ARCH = YES;
				SDKROOT = iphoneos;
			};
			name = Debug;
		};
		32AA4915197791F1008ECA9D /* Release */ = {
			isa = XCBuildConfiguration;
			buildSettings = {
				ALWAYS_SEARCH_USER_PATHS = NO;
				CLANG_CXX_LANGUAGE_STANDARD = "gnu++0x";
				CLANG_CXX_LIBRARY = "libc++";
				CLANG_ENABLE_MODULES = YES;
				CLANG_ENABLE_OBJC_ARC = YES;
				CLANG_WARN_BOOL_CONVERSION = YES;
				CLANG_WARN_CONSTANT_CONVERSION = YES;
				CLANG_WARN_DIRECT_OBJC_ISA_USAGE = YES_ERROR;
				CLANG_WARN_EMPTY_BODY = YES;
				CLANG_WARN_ENUM_CONVERSION = YES;
				CLANG_WARN_INT_CONVERSION = YES;
				CLANG_WARN_OBJC_ROOT_CLASS = YES_ERROR;
				CLANG_WARN__DUPLICATE_METHOD_MATCH = YES;
				"CODE_SIGN_IDENTITY[sdk=iphoneos*]" = "iPhone Developer";
				COPY_PHASE_STRIP = YES;
				ENABLE_NS_ASSERTIONS = NO;
				GCC_C_LANGUAGE_STANDARD = gnu99;
				GCC_WARN_64_TO_32_BIT_CONVERSION = YES;
				GCC_WARN_ABOUT_RETURN_TYPE = YES_ERROR;
				GCC_WARN_UNDECLARED_SELECTOR = YES;
				GCC_WARN_UNINITIALIZED_AUTOS = YES_AGGRESSIVE;
				GCC_WARN_UNUSED_FUNCTION = YES;
				GCC_WARN_UNUSED_VARIABLE = YES;
				IPHONEOS_DEPLOYMENT_TARGET = 7.1;
				SDKROOT = iphoneos;
				VALIDATE_PRODUCT = YES;
			};
			name = Release;
		};
		32AA4917197791F1008ECA9D /* Debug */ = {
			isa = XCBuildConfiguration;
			buildSettings = {
				ASSETCATALOG_COMPILER_APPICON_NAME = AppIcon;
				ASSETCATALOG_COMPILER_LAUNCHIMAGE_NAME = LaunchImage;
				GCC_PRECOMPILE_PREFIX_HEADER = YES;
				GCC_PREFIX_HEADER = "InstaLater/InstaLater-Prefix.pch";
				INFOPLIST_FILE = "InstaLater/InstaLater-Info.plist";
				PRODUCT_NAME = "$(TARGET_NAME)";
				WRAPPER_EXTENSION = app;
			};
			name = Debug;
		};
		32AA4918197791F1008ECA9D /* Release */ = {
			isa = XCBuildConfiguration;
			buildSettings = {
				ASSETCATALOG_COMPILER_APPICON_NAME = AppIcon;
				ASSETCATALOG_COMPILER_LAUNCHIMAGE_NAME = LaunchImage;
				GCC_PRECOMPILE_PREFIX_HEADER = YES;
				GCC_PREFIX_HEADER = "InstaLater/InstaLater-Prefix.pch";
				INFOPLIST_FILE = "InstaLater/InstaLater-Info.plist";
				PRODUCT_NAME = "$(TARGET_NAME)";
				WRAPPER_EXTENSION = app;
			};
			name = Release;
		};
		32AA491A197791F1008ECA9D /* Debug */ = {
			isa = XCBuildConfiguration;
			buildSettings = {
				BUNDLE_LOADER = "$(BUILT_PRODUCTS_DIR)/InstaLater.app/InstaLater";
				FRAMEWORK_SEARCH_PATHS = (
					"$(SDKROOT)/Developer/Library/Frameworks",
					"$(inherited)",
					"$(DEVELOPER_FRAMEWORKS_DIR)",
				);
				GCC_PRECOMPILE_PREFIX_HEADER = YES;
				GCC_PREFIX_HEADER = "InstaLater/InstaLater-Prefix.pch";
				GCC_PREPROCESSOR_DEFINITIONS = (
					"DEBUG=1",
					"$(inherited)",
				);
				INFOPLIST_FILE = "InstaLaterTests/InstaLaterTests-Info.plist";
				PRODUCT_NAME = "$(TARGET_NAME)";
				TEST_HOST = "$(BUNDLE_LOADER)";
				WRAPPER_EXTENSION = xctest;
			};
			name = Debug;
		};
		32AA491B197791F1008ECA9D /* Release */ = {
			isa = XCBuildConfiguration;
			buildSettings = {
				BUNDLE_LOADER = "$(BUILT_PRODUCTS_DIR)/InstaLater.app/InstaLater";
				FRAMEWORK_SEARCH_PATHS = (
					"$(SDKROOT)/Developer/Library/Frameworks",
					"$(inherited)",
					"$(DEVELOPER_FRAMEWORKS_DIR)",
				);
				GCC_PRECOMPILE_PREFIX_HEADER = YES;
				GCC_PREFIX_HEADER = "InstaLater/InstaLater-Prefix.pch";
				INFOPLIST_FILE = "InstaLaterTests/InstaLaterTests-Info.plist";
				PRODUCT_NAME = "$(TARGET_NAME)";
				TEST_HOST = "$(BUNDLE_LOADER)";
				WRAPPER_EXTENSION = xctest;
			};
			name = Release;
		};
/* End XCBuildConfiguration section */

/* Begin XCConfigurationList section */
		32AA48DF197791F0008ECA9D /* Build configuration list for PBXProject "InstaLater" */ = {
			isa = XCConfigurationList;
			buildConfigurations = (
				32AA4914197791F1008ECA9D /* Debug */,
				32AA4915197791F1008ECA9D /* Release */,
			);
			defaultConfigurationIsVisible = 0;
			defaultConfigurationName = Release;
		};
		32AA4916197791F1008ECA9D /* Build configuration list for PBXNativeTarget "InstaLater" */ = {
			isa = XCConfigurationList;
			buildConfigurations = (
				32AA4917197791F1008ECA9D /* Debug */,
				32AA4918197791F1008ECA9D /* Release */,
			);
			defaultConfigurationIsVisible = 0;
		};
		32AA4919197791F1008ECA9D /* Build configuration list for PBXNativeTarget "InstaLaterTests" */ = {
			isa = XCConfigurationList;
			buildConfigurations = (
				32AA491A197791F1008ECA9D /* Debug */,
				32AA491B197791F1008ECA9D /* Release */,
			);
			defaultConfigurationIsVisible = 0;
		};
/* End XCConfigurationList section */
	};
	rootObject = 32AA48DC197791F0008ECA9D /* Project object */;
}
